
Microsoft Visual Studio Solution File, Format Version 12.00
# Visual Studio Version 16
VisualStudioVersion = 16.0.29519.87
MinimumVisualStudioVersion = 10.0.40219.1
Project("{FAE04EC0-301F-11D3-BF4B-00C04F79EFBC}") = "MenuPlanerApp", "MenuPlanerApp\MenuPlanerApp.csproj", "{F269CCDD-B4B2-4B82-A660-8397389A1166}"
EndProject
Project("{9A19103F-16F7-4668-BE54-9A1E7A4F7556}") = "MenuPlanerApp.Core", "MenuPlanerApp.Core\MenuPlanerApp.Core.csproj", "{69C1252B-55CB-4B00-87C8-DDFC3632156F}"
EndProject
Project("{9A19103F-16F7-4668-BE54-9A1E7A4F7556}") = "MenuPlanerApp.API", "MenuPlanerApp.API\MenuPlanerApp.API.csproj", "{6D47A31B-C6C5-41AA-93D1-3858EF204AA5}"
EndProject
Project("{FAE04EC0-301F-11D3-BF4B-00C04F79EFBC}") = "MenuPlanerApp.Core.Tests", "MenuPlanerApp.Core.Tests\MenuPlanerApp.Core.Tests.csproj", "{CFD1F874-9FFB-45BE-9638-2556741C329D}"
EndProject
Global
	GlobalSection(SolutionConfigurationPlatforms) = preSolution
		Debug|Any CPU = Debug|Any CPU
		Release|Any CPU = Release|Any CPU
	EndGlobalSection
	GlobalSection(ProjectConfigurationPlatforms) = postSolution
		{F269CCDD-B4B2-4B82-A660-8397389A1166}.Debug|Any CPU.ActiveCfg = Debug|Any CPU
		{F269CCDD-B4B2-4B82-A660-8397389A1166}.Debug|Any CPU.Build.0 = Debug|Any CPU
		{F269CCDD-B4B2-4B82-A660-8397389A1166}.Debug|Any CPU.Deploy.0 = Debug|Any CPU
		{F269CCDD-B4B2-4B82-A660-8397389A1166}.Release|Any CPU.ActiveCfg = Release|Any CPU
		{F269CCDD-B4B2-4B82-A660-8397389A1166}.Release|Any CPU.Build.0 = Release|Any CPU
		{F269CCDD-B4B2-4B82-A660-8397389A1166}.Release|Any CPU.Deploy.0 = Release|Any CPU
		{69C1252B-55CB-4B00-87C8-DDFC3632156F}.Debug|Any CPU.ActiveCfg = Debug|Any CPU
		{69C1252B-55CB-4B00-87C8-DDFC3632156F}.Debug|Any CPU.Build.0 = Debug|Any CPU
		{69C1252B-55CB-4B00-87C8-DDFC3632156F}.Release|Any CPU.ActiveCfg = Release|Any CPU
		{69C1252B-55CB-4B00-87C8-DDFC3632156F}.Release|Any CPU.Build.0 = Release|Any CPU
		{6D47A31B-C6C5-41AA-93D1-3858EF204AA5}.Debug|Any CPU.ActiveCfg = Debug|Any CPU
		{6D47A31B-C6C5-41AA-93D1-3858EF204AA5}.Debug|Any CPU.Build.0 = Debug|Any CPU
		{6D47A31B-C6C5-41AA-93D1-3858EF204AA5}.Release|Any CPU.ActiveCfg = Release|Any CPU
		{6D47A31B-C6C5-41AA-93D1-3858EF204AA5}.Release|Any CPU.Build.0 = Release|Any CPU
		{CFD1F874-9FFB-45BE-9638-2556741C329D}.Debug|Any CPU.ActiveCfg = Debug|Any CPU
		{CFD1F874-9FFB-45BE-9638-2556741C329D}.Debug|Any CPU.Build.0 = Debug|Any CPU
		{CFD1F874-9FFB-45BE-9638-2556741C329D}.Release|Any CPU.ActiveCfg = Release|Any CPU
		{CFD1F874-9FFB-45BE-9638-2556741C329D}.Release|Any CPU.Build.0 = Release|Any CPU
	EndGlobalSection
	GlobalSection(SolutionProperties) = preSolution
		HideSolutionNode = FALSE
	EndGlobalSection
	GlobalSection(ExtensibilityGlobals) = postSolution
		SolutionGuid = {743826E7-7549-44DE-B6DC-7B660F8E8ECD}
	EndGlobalSection
EndGlobal
